
Microsoft Visual Studio Solution File, Format Version 12.00
# Visual Studio Version 17
VisualStudioVersion = 17.7.34024.191
MinimumVisualStudioVersion = 10.0.40219.1
Project("{FAE04EC0-301F-11D3-BF4B-00C04F79EFBC}") = "calkulator", "calkulator.csproj", "{A65FB6E0-67CC-4CBB-BA10-C15033493876}"
EndProject
Global
	GlobalSection(SolutionConfigurationPlatforms) = preSolution
		Debug|Any CPU = Debug|Any CPU
		Release|Any CPU = Release|Any CPU
	EndGlobalSection
	GlobalSection(ProjectConfigurationPlatforms) = postSolution
		{A65FB6E0-67CC-4CBB-BA10-C15033493876}.Debug|Any CPU.ActiveCfg = Debug|Any CPU
		{A65FB6E0-67CC-4CBB-BA10-C15033493876}.Debug|Any CPU.Build.0 = Debug|Any CPU
		{A65FB6E0-67CC-4CBB-BA10-C15033493876}.Release|Any CPU.ActiveCfg = Release|Any CPU
		{A65FB6E0-67CC-4CBB-BA10-C15033493876}.Release|Any CPU.Build.0 = Release|Any CPU
	EndGlobalSection
	GlobalSection(SolutionProperties) = preSolution
		HideSolutionNode = FALSE
	EndGlobalSection
	GlobalSection(ExtensibilityGlobals) = postSolution
		SolutionGuid = {192EABE3-B460-430B-BB88-78B09DF371E1}
	EndGlobalSection
EndGlobal
